
Microsoft Visual Studio Solution File, Format Version 12.00
# Visual Studio Version 16
VisualStudioVersion = 16.0.29613.14
MinimumVisualStudioVersion = 10.0.40219.1
Project("{8BC9CEB8-8B4A-11D0-8D11-00A0C91BC942}") = "cpp", "cpp.vcxproj", "{F0BBF9FF-96FD-42B1-97CB-A7DA484923FC}"
EndProject
Global
	GlobalSection(SolutionConfigurationPlatforms) = preSolution
		Debug|ARM = Debug|ARM
		Debug|ARM64 = Debug|ARM64
		Debug|x64 = Debug|x64
		Debug|x86 = Debug|x86
		Release|ARM = Release|ARM
		Release|ARM64 = Release|ARM64
		Release|x64 = Release|x64
		Release|x86 = Release|x86
	EndGlobalSection
	GlobalSection(ProjectConfigurationPlatforms) = postSolution
		{F0BBF9FF-96FD-42B1-97CB-A7DA484923FC}.Debug|ARM.ActiveCfg = Debug|ARM
		{F0BBF9FF-96FD-42B1-97CB-A7DA484923FC}.Debug|ARM.Build.0 = Debug|ARM
		{F0BBF9FF-96FD-42B1-97CB-A7DA484923FC}.Debug|ARM.Deploy.0 = Debug|ARM
		{F0BBF9FF-96FD-42B1-97CB-A7DA484923FC}.Debug|ARM64.ActiveCfg = Debug|ARM64
		{F0BBF9FF-96FD-42B1-97CB-A7DA484923FC}.Debug|ARM64.Build.0 = Debug|ARM64
		{F0BBF9FF-96FD-42B1-97CB-A7DA484923FC}.Debug|ARM64.Deploy.0 = Debug|ARM64
		{F0BBF9FF-96FD-42B1-97CB-A7DA484923FC}.Debug|x64.ActiveCfg = Debug|x64
		{F0BBF9FF-96FD-42B1-97CB-A7DA484923FC}.Debug|x64.Build.0 = Debug|x64
		{F0BBF9FF-96FD-42B1-97CB-A7DA484923FC}.Debug|x64.Deploy.0 = Debug|x64
		{F0BBF9FF-96FD-42B1-97CB-A7DA484923FC}.Debug|x86.ActiveCfg = Debug|x86
		{F0BBF9FF-96FD-42B1-97CB-A7DA484923FC}.Debug|x86.Build.0 = Debug|x86
		{F0BBF9FF-96FD-42B1-97CB-A7DA484923FC}.Debug|x86.Deploy.0 = Debug|x86
		{F0BBF9FF-96FD-42B1-97CB-A7DA484923FC}.Release|ARM.ActiveCfg = Release|ARM
		{F0BBF9FF-96FD-42B1-97CB-A7DA484923FC}.Release|ARM.Build.0 = Release|ARM
		{F0BBF9FF-96FD-42B1-97CB-A7DA484923FC}.Release|ARM.Deploy.0 = Release|ARM
		{F0BBF9FF-96FD-42B1-97CB-A7DA484923FC}.Release|ARM64.ActiveCfg = Release|ARM64
		{F0BBF9FF-96FD-42B1-97CB-A7DA484923FC}.Release|ARM64.Build.0 = Release|ARM64
		{F0BBF9FF-96FD-42B1-97CB-A7DA484923FC}.Release|ARM64.Deploy.0 = Release|ARM64
		{F0BBF9FF-96FD-42B1-97CB-A7DA484923FC}.Release|x64.ActiveCfg = Release|x64
		{F0BBF9FF-96FD-42B1-97CB-A7DA484923FC}.Release|x64.Build.0 = Release|x64
		{F0BBF9FF-96FD-42B1-97CB-A7DA484923FC}.Release|x64.Deploy.0 = Release|x64
		{F0BBF9FF-96FD-42B1-97CB-A7DA484923FC}.Release|x86.ActiveCfg = Release|x86
		{F0BBF9FF-96FD-42B1-97CB-A7DA484923FC}.Release|x86.Build.0 = Release|x86
		{F0BBF9FF-96FD-42B1-97CB-A7DA484923FC}.Release|x86.Deploy.0 = Release|x86
	EndGlobalSection
	GlobalSection(SolutionProperties) = preSolution
		HideSolutionNode = FALSE
	EndGlobalSection
	GlobalSection(ExtensibilityGlobals) = postSolution
		SolutionGuid = {C5EF9BF2-A1E9-450C-9C3A-277F8CAEE7AB}
	EndGlobalSection
EndGlobal
